Microsoft Visual Studio Solution File, Format Version 12.00
# Visual Studio Version 17
VisualStudioVersion = 17.5.2.0
MinimumVisualStudioVersion = 10.0.40219.1
Project("{FAE04EC0-301F-11D3-BF4B-00C04F79EFBC}") = "SistemaFinanciero.API", "SistemaFinanciero.API\SistemaFinanciero.API.csproj", "{B01C01CE-B548-CC70-79C3-E945CEC10B05}"
EndProject
Global
	GlobalSection(SolutionConfigurationPlatforms) = preSolution
		Debug|Any CPU = Debug|Any CPU
		Release|Any CPU = Release|Any CPU
	EndGlobalSection
	GlobalSection(ProjectConfigurationPlatforms) = postSolution
		{B01C01CE-B548-CC70-79C3-E945CEC10B05}.Debug|Any CPU.ActiveCfg = Debug|Any CPU
		{B01C01CE-B548-CC70-79C3-E945CEC10B05}.Debug|Any CPU.Build.0 = Debug|Any CPU
		{B01C01CE-B548-CC70-79C3-E945CEC10B05}.Release|Any CPU.ActiveCfg = Release|Any CPU
		{B01C01CE-B548-CC70-79C3-E945CEC10B05}.Release|Any CPU.Build.0 = Release|Any CPU
	EndGlobalSection
	GlobalSection(SolutionProperties) = preSolution
		HideSolutionNode = FALSE
	EndGlobalSection
	GlobalSection(ExtensibilityGlobals) = postSolution
		SolutionGuid = {61B7B6B1-E7E0-4AA9-8C30-C0676A3527D0}
	EndGlobalSection
EndGlobal
